
Microsoft Visual Studio Solution File, Format Version 12.00
# Visual Studio 15
VisualStudioVersion = 15.0.28010.2046
MinimumVisualStudioVersion = 10.0.40219.1
Project("{9A19103F-16F7-4668-BE54-9A1E7A4F7556}") = "EquationsOfMotion", "EquationsOfMotion\EquationsOfMotion.csproj", "{C04272BD-46C2-4E31-A3D9-B41DD56B9B51}"
EndProject
Project("{FAE04EC0-301F-11D3-BF4B-00C04F79EFBC}") = "UnitTest.EquationsOfMotion", "UnitTest.EquationsOfMotion\UnitTest.EquationsOfMotion.csproj", "{C8FC38C5-EF4A-4C47-9738-B520F346A9C9}"
EndProject
Global
	GlobalSection(SolutionConfigurationPlatforms) = preSolution
		Debug|Any CPU = Debug|Any CPU
		Release|Any CPU = Release|Any CPU
	EndGlobalSection
	GlobalSection(ProjectConfigurationPlatforms) = postSolution
		{C04272BD-46C2-4E31-A3D9-B41DD56B9B51}.Debug|Any CPU.ActiveCfg = Debug|Any CPU
		{C04272BD-46C2-4E31-A3D9-B41DD56B9B51}.Debug|Any CPU.Build.0 = Debug|Any CPU
		{C04272BD-46C2-4E31-A3D9-B41DD56B9B51}.Release|Any CPU.ActiveCfg = Release|Any CPU
		{C04272BD-46C2-4E31-A3D9-B41DD56B9B51}.Release|Any CPU.Build.0 = Release|Any CPU
		{C8FC38C5-EF4A-4C47-9738-B520F346A9C9}.Debug|Any CPU.ActiveCfg = Debug|Any CPU
		{C8FC38C5-EF4A-4C47-9738-B520F346A9C9}.Debug|Any CPU.Build.0 = Debug|Any CPU
		{C8FC38C5-EF4A-4C47-9738-B520F346A9C9}.Release|Any CPU.ActiveCfg = Release|Any CPU
		{C8FC38C5-EF4A-4C47-9738-B520F346A9C9}.Release|Any CPU.Build.0 = Release|Any CPU
	EndGlobalSection
	GlobalSection(SolutionProperties) = preSolution
		HideSolutionNode = FALSE
	EndGlobalSection
	GlobalSection(ExtensibilityGlobals) = postSolution
		SolutionGuid = {4CDF6F82-7842-45BD-9378-509B221269EA}
	EndGlobalSection
EndGlobal
